
Microsoft Visual Studio Solution File, Format Version 12.00
# Visual Studio Version 17
VisualStudioVersion = 17.10.35004.147
MinimumVisualStudioVersion = 10.0.40219.1
Project("{FAE04EC0-301F-11D3-BF4B-00C04F79EFBC}") = "TestBitmapFont", "TestBitmapFont\TestBitmapFont.csproj", "{A38CEBFA-DD01-4881-89B6-F699503334EF}"
EndProject
Global
	GlobalSection(SolutionConfigurationPlatforms) = preSolution
		Debug|Any CPU = Debug|Any CPU
		Release|Any CPU = Release|Any CPU
	EndGlobalSection
	GlobalSection(ProjectConfigurationPlatforms) = postSolution
		{A38CEBFA-DD01-4881-89B6-F699503334EF}.Debug|Any CPU.ActiveCfg = Debug|Any CPU
		{A38CEBFA-DD01-4881-89B6-F699503334EF}.Debug|Any CPU.Build.0 = Debug|Any CPU
		{A38CEBFA-DD01-4881-89B6-F699503334EF}.Release|Any CPU.ActiveCfg = Release|Any CPU
		{A38CEBFA-DD01-4881-89B6-F699503334EF}.Release|Any CPU.Build.0 = Release|Any CPU
	EndGlobalSection
	GlobalSection(SolutionProperties) = preSolution
		HideSolutionNode = FALSE
	EndGlobalSection
	GlobalSection(ExtensibilityGlobals) = postSolution
		SolutionGuid = {BFA7FC80-CC71-478C-B349-7C60EFE6C91C}
	EndGlobalSection
EndGlobal
